Microsoft Visual Studio Solution File, Format Version 12.00
# Visual Studio Version 17
VisualStudioVersion = 17.5.2.0
MinimumVisualStudioVersion = 10.0.40219.1
Project("{FAE04EC0-301F-11D3-BF4B-00C04F79EFBC}") = "clippydotnet", "clippydotnet.csproj", "{F326B7D6-1280-88C1-B9E0-9A159F23FF06}"
EndProject
Global
	GlobalSection(SolutionConfigurationPlatforms) = preSolution
		Debug|Any CPU = Debug|Any CPU
		Release|Any CPU = Release|Any CPU
	EndGlobalSection
	GlobalSection(ProjectConfigurationPlatforms) = postSolution
		{F326B7D6-1280-88C1-B9E0-9A159F23FF06}.Debug|Any CPU.ActiveCfg = Debug|Any CPU
		{F326B7D6-1280-88C1-B9E0-9A159F23FF06}.Debug|Any CPU.Build.0 = Debug|Any CPU
		{F326B7D6-1280-88C1-B9E0-9A159F23FF06}.Release|Any CPU.ActiveCfg = Release|Any CPU
		{F326B7D6-1280-88C1-B9E0-9A159F23FF06}.Release|Any CPU.Build.0 = Release|Any CPU
	EndGlobalSection
	GlobalSection(SolutionProperties) = preSolution
		HideSolutionNode = FALSE
	EndGlobalSection
	GlobalSection(ExtensibilityGlobals) = postSolution
		SolutionGuid = {25D9BDC3-9232-487F-9CC4-E83B5BF88148}
	EndGlobalSection
EndGlobal
